---
- name: install xautolock
  kewlfft.aur.aur:
    name: xautolock
    state: present

- name: clone slock
  git:
    repo: https://github.com/falamous/slock
    dest: "/home/{{ username }}/src/slock"
  register: slock

- name: stat /usr/local/bin/slock
  stat:
    path: /usr/local/bin/slock
  register: bin_slock

- name: compile and install slock
  make:
    chdir: "/home/{{ username }}/src/slock"
    target: install
  when: slock.changed or not bin_slock.stat.exists
  become: yes

- name: set slock to be suid
  file:
    name: "/usr/local/bin"
    mode: +s
  become: yes
